
Microsoft Visual Studio Solution File, Format Version 12.00
# Visual Studio 14
VisualStudioVersion = 14.0.23107.0
MinimumVisualStudioVersion = 10.0.40219.1
Project("{FAE04EC0-301F-11D3-BF4B-00C04F79EFBC}") = "Aniink.Library", "Aniink.Library\Aniink.Library.csproj", "{0F3BDD4F-2C8F-4758-847F-DF7EDAB1739D}"
EndProject
Project("{FAE04EC0-301F-11D3-BF4B-00C04F79EFBC}") = "Aniink.Prompt", "Aniink.Prompt\Aniink.Prompt.csproj", "{1866EE83-3C14-4006-B15B-61DA55FC3737}"
EndProject
Project("{FAE04EC0-301F-11D3-BF4B-00C04F79EFBC}") = "Aniink.Forms", "Aniink.Forms\Aniink.Forms.csproj", "{A699C305-679D-456D-9C9E-4E1D516AA056}"
EndProject
Global
	GlobalSection(SolutionConfigurationPlatforms) = preSolution
		Debug|Any CPU = Debug|Any CPU
		Release|Any CPU = Release|Any CPU
	EndGlobalSection
	GlobalSection(ProjectConfigurationPlatforms) = postSolution
		{0F3BDD4F-2C8F-4758-847F-DF7EDAB1739D}.Debug|Any CPU.ActiveCfg = Debug|Any CPU
		{0F3BDD4F-2C8F-4758-847F-DF7EDAB1739D}.Debug|Any CPU.Build.0 = Debug|Any CPU
		{0F3BDD4F-2C8F-4758-847F-DF7EDAB1739D}.Release|Any CPU.ActiveCfg = Release|Any CPU
		{0F3BDD4F-2C8F-4758-847F-DF7EDAB1739D}.Release|Any CPU.Build.0 = Release|Any CPU
		{1866EE83-3C14-4006-B15B-61DA55FC3737}.Debug|Any CPU.ActiveCfg = Debug|Any CPU
		{1866EE83-3C14-4006-B15B-61DA55FC3737}.Debug|Any CPU.Build.0 = Debug|Any CPU
		{1866EE83-3C14-4006-B15B-61DA55FC3737}.Release|Any CPU.ActiveCfg = Release|Any CPU
		{1866EE83-3C14-4006-B15B-61DA55FC3737}.Release|Any CPU.Build.0 = Release|Any CPU
		{A699C305-679D-456D-9C9E-4E1D516AA056}.Debug|Any CPU.ActiveCfg = Debug|Any CPU
		{A699C305-679D-456D-9C9E-4E1D516AA056}.Debug|Any CPU.Build.0 = Debug|Any CPU
		{A699C305-679D-456D-9C9E-4E1D516AA056}.Release|Any CPU.ActiveCfg = Release|Any CPU
		{A699C305-679D-456D-9C9E-4E1D516AA056}.Release|Any CPU.Build.0 = Release|Any CPU
	EndGlobalSection
	GlobalSection(SolutionProperties) = preSolution
		HideSolutionNode = FALSE
	EndGlobalSection
EndGlobal
